
Microsoft Visual Studio Solution File, Format Version 12.00
# Visual Studio 15
VisualStudioVersion = 15.0.27130.2024
MinimumVisualStudioVersion = 10.0.40219.1
Project("{FAE04EC0-301F-11D3-BF4B-00C04F79EFBC}") = "DeepRecommender", "DeepRecommender.csproj", "{2B6E2B65-092D-4050-92DA-F5EC1CE790D4}"
EndProject
Global
	GlobalSection(SolutionConfigurationPlatforms) = preSolution
		Debug|Any CPU = Debug|Any CPU
		Debug|x64 = Debug|x64
		Release|Any CPU = Release|Any CPU
		Release|x64 = Release|x64
	EndGlobalSection
	GlobalSection(ProjectConfigurationPlatforms) = postSolution
		{2B6E2B65-092D-4050-92DA-F5EC1CE790D4}.Debug|Any CPU.ActiveCfg = Debug|Any CPU
		{2B6E2B65-092D-4050-92DA-F5EC1CE790D4}.Debug|Any CPU.Build.0 = Debug|Any CPU
		{2B6E2B65-092D-4050-92DA-F5EC1CE790D4}.Debug|x64.ActiveCfg = Release|x64
		{2B6E2B65-092D-4050-92DA-F5EC1CE790D4}.Debug|x64.Build.0 = Release|x64
		{2B6E2B65-092D-4050-92DA-F5EC1CE790D4}.Release|Any CPU.ActiveCfg = Release|Any CPU
		{2B6E2B65-092D-4050-92DA-F5EC1CE790D4}.Release|Any CPU.Build.0 = Release|Any CPU
		{2B6E2B65-092D-4050-92DA-F5EC1CE790D4}.Release|x64.ActiveCfg = Release|x64
		{2B6E2B65-092D-4050-92DA-F5EC1CE790D4}.Release|x64.Build.0 = Release|x64
	EndGlobalSection
	GlobalSection(SolutionProperties) = preSolution
		HideSolutionNode = FALSE
	EndGlobalSection
	GlobalSection(ExtensibilityGlobals) = postSolution
		SolutionGuid = {ABD1299D-D717-4CCC-8F3F-7F20315ADD4F}
	EndGlobalSection
EndGlobal
